<?xml version="1.0" encoding="utf-8"?>
<Project ToolsVersion="4.0" xmlns="http://schemas.microsoft.com/developer/msbuild/2003">
  <ItemGroup>
    <Filter Include="tplibtest">
      <UniqueIdentifier>{3c972eb1-7edd-424d-8e4e-792ef85529b5}</UniqueIdentifier>
    </Filter>
  </ItemGroup>
  <ItemGroup>
    <ClInclude Include="..\include\algorithm.h">
      <Filter>tplibtest</Filter>
    </ClInclude>
    <ClInclude Include="..\include\api_wrapper.h">
      <Filter>tplibtest</Filter>
    </ClInclude>
    <ClInclude Include="..\include\auto_release.h">
      <Filter>tplibtest</Filter>
    </ClInclude>
    <ClInclude Include="..\include\cfgreader.h">
      <Filter>tplibtest</Filter>
    </ClInclude>
    <ClInclude Include="..\include\cmdlineparser.h">
      <Filter>tplibtest</Filter>
    </ClInclude>
    <ClInclude Include="..\include\composite.h">
      <Filter>tplibtest</Filter>
    </ClInclude>
    <ClInclude Include="..\include\compositetreectrl.h">
      <Filter>tplibtest</Filter>
    </ClInclude>
    <ClInclude Include="..\include\convert.h">
      <Filter>tplibtest</Filter>
    </ClInclude>
    <ClInclude Include="..\include\defs.h">
      <Filter>tplibtest</Filter>
    </ClInclude>
    <ClInclude Include="..\include\exception.h">
      <Filter>tplibtest</Filter>
    </ClInclude>
    <ClInclude Include="..\include\format_shim.h">
      <Filter>tplibtest</Filter>
    </ClInclude>
    <ClInclude Include="..\include\lock.h">
      <Filter>tplibtest</Filter>
    </ClInclude>
    <ClInclude Include="..\include\log.h">
      <Filter>tplibtest</Filter>
    </ClInclude>
    <ClInclude Include="..\include\log_context.h">
      <Filter>tplibtest</Filter>
    </ClInclude>
    <ClInclude Include="..\include\log_device.h">
      <Filter>tplibtest</Filter>
    </ClInclude>
    <ClInclude Include="..\include\msg_crack.h">
      <Filter>tplibtest</Filter>
    </ClInclude>
    <ClInclude Include="..\include\opblock.h">
      <Filter>tplibtest</Filter>
    </ClInclude>
    <ClInclude Include="..\include\oss.h">
      <Filter>tplibtest</Filter>
    </ClInclude>
    <ClInclude Include="..\include\oss_win.h">
      <Filter>tplibtest</Filter>
    </ClInclude>
    <ClInclude Include="..\include\pinyin.h">
      <Filter>tplibtest</Filter>
    </ClInclude>
    <ClInclude Include="..\include\processinfo.h">
      <Filter>tplibtest</Filter>
    </ClInclude>
    <ClInclude Include="..\include\service.h">
      <Filter>tplibtest</Filter>
    </ClInclude>
    <ClInclude Include="..\include\tplib.h">
      <Filter>tplibtest</Filter>
    </ClInclude>
    <ClInclude Include="..\include\tstring.h">
      <Filter>tplibtest</Filter>
    </ClInclude>
    <ClInclude Include="..\include\unittest.h">
      <Filter>tplibtest</Filter>
    </ClInclude>
    <ClInclude Include="..\include\util_win.h">
      <Filter>tplibtest</Filter>
    </ClInclude>
    <ClInclude Include="..\include\unittest_output.h">
      <Filter>tplibtest</Filter>
    </ClInclude>
    <ClInclude Include="stdafx.h" />
    <ClInclude Include="targetver.h" />
    <ClInclude Include="test_algorithm.h" />
    <ClInclude Include="test_auto_release.h" />
    <ClInclude Include="test_cmdlineparser.h" />
    <ClInclude Include="test_format_shim.h" />
    <ClInclude Include="test_pinyin.h" />
    <ClInclude Include="test_service.h" />
  </ItemGroup>
  <ItemGroup>
    <ClCompile Include="main.cpp" />
    <ClCompile Include="main2.cpp" />
    <ClCompile Include="stdafx.cpp" />
  </ItemGroup>
</Project>